
Microsoft Visual Studio Solution File, Format Version 12.00
# Visual Studio 15
VisualStudioVersion = 15.0.27428.2037
MinimumVisualStudioVersion = 10.0.40219.1
Project("{FAE04EC0-301F-11D3-BF4B-00C04F79EFBC}") = "AplikasiGudangBarang", "AplikasiGudangBarang\AplikasiGudangBarang.csproj", "{8D4070C2-F3F3-490E-9A97-748A5CCA99C9}"
EndProject
Global
	GlobalSection(SolutionConfigurationPlatforms) = preSolution
		Debug|Any CPU = Debug|Any CPU
		Release|Any CPU = Release|Any CPU
	EndGlobalSection
	GlobalSection(ProjectConfigurationPlatforms) = postSolution
		{8D4070C2-F3F3-490E-9A97-748A5CCA99C9}.Debug|Any CPU.ActiveCfg = Debug|Any CPU
		{8D4070C2-F3F3-490E-9A97-748A5CCA99C9}.Debug|Any CPU.Build.0 = Debug|Any CPU
		{8D4070C2-F3F3-490E-9A97-748A5CCA99C9}.Release|Any CPU.ActiveCfg = Release|Any CPU
		{8D4070C2-F3F3-490E-9A97-748A5CCA99C9}.Release|Any CPU.Build.0 = Release|Any CPU
	EndGlobalSection
	GlobalSection(SolutionProperties) = preSolution
		HideSolutionNode = FALSE
	EndGlobalSection
	GlobalSection(ExtensibilityGlobals) = postSolution
		SolutionGuid = {3A63E3FE-EA20-4F95-B211-68EDBF0F95CD}
	EndGlobalSection
EndGlobal
